
Microsoft Visual Studio Solution File, Format Version 12.00
# Visual Studio Version 16
VisualStudioVersion = 16.0.30717.126
MinimumVisualStudioVersion = 10.0.40219.1
Project("{FAE04EC0-301F-11D3-BF4B-00C04F79EFBC}") = "osu!MapRandomizer", "osu!MapRandomizer\osu!MapRandomizer.csproj", "{19867351-17ED-4A2F-8568-2DAA0C9B819D}"
EndProject
Global
	GlobalSection(SolutionConfigurationPlatforms) = preSolution
		Debug|Any CPU = Debug|Any CPU
		Release|Any CPU = Release|Any CPU
	EndGlobalSection
	GlobalSection(ProjectConfigurationPlatforms) = postSolution
		{19867351-17ED-4A2F-8568-2DAA0C9B819D}.Debug|Any CPU.ActiveCfg = Debug|Any CPU
		{19867351-17ED-4A2F-8568-2DAA0C9B819D}.Debug|Any CPU.Build.0 = Debug|Any CPU
		{19867351-17ED-4A2F-8568-2DAA0C9B819D}.Release|Any CPU.ActiveCfg = Release|Any CPU
		{19867351-17ED-4A2F-8568-2DAA0C9B819D}.Release|Any CPU.Build.0 = Release|Any CPU
	EndGlobalSection
	GlobalSection(SolutionProperties) = preSolution
		HideSolutionNode = FALSE
	EndGlobalSection
	GlobalSection(ExtensibilityGlobals) = postSolution
		SolutionGuid = {E365100C-6D0E-47A6-B5CE-D10A01080B2E}
	EndGlobalSection
EndGlobal
